#MicroXplorer Configuration settings - do not modify
Dma.Request0=USART2_RX
Dma.RequestsNb=1
Dma.USART2_RX.0.Direction=DMA_PERIPH_TO_MEMORY
Dma.USART2_RX.0.FIFOMode=DMA_FIFOMODE_DISABLE
Dma.USART2_RX.0.Instance=DMA1_Stream5
Dma.USART2_RX.0.MemDataAlignment=DMA_MDATAALIGN_BYTE
Dma.USART2_RX.0.MemInc=DMA_MINC_ENABLE
Dma.USART2_RX.0.Mode=DMA_CIRCULAR
Dma.USART2_RX.0.PeriphDataAlignment=DMA_PDATAALIGN_BYTE
Dma.USART2_RX.0.PeriphInc=DMA_PINC_DISABLE
Dma.USART2_RX.0.Priority=DMA_PRIORITY_LOW
Dma.USART2_RX.0.RequestParameters=Instance,Direction,PeriphInc,MemInc,PeriphDataAlignment,MemDataAlignment,Mode,Priority,FIFOMode
FREERTOS.IPParameters=Tasks01
FREERTOS.Tasks01=defaultTask,0,128,StartDefaultTask,Default,NULL
File.Version=6
KeepUserPlacement=false
Mcu.Family=STM32F4
Mcu.IP0=DMA
Mcu.IP1=FREERTOS
Mcu.IP2=NVIC
Mcu.IP3=RCC
Mcu.IP4=SYS
Mcu.IP5=TIM2
Mcu.IP6=TIM3
Mcu.IP7=TIM4
Mcu.IP8=USART2
Mcu.IPNb=9
Mcu.Name=STM32F411V(C-E)Tx
Mcu.Package=LQFP100
Mcu.Pin0=PH0 - OSC_IN
Mcu.Pin1=PH1 - OSC_OUT
Mcu.Pin10=PE14
Mcu.Pin11=PE15
Mcu.Pin12=PB10
Mcu.Pin13=PD8
Mcu.Pin14=PD9
Mcu.Pin15=PD10
Mcu.Pin16=PD11
Mcu.Pin17=PD12
Mcu.Pin18=PD13
Mcu.Pin19=PD14
Mcu.Pin2=PA0-WKUP
Mcu.Pin20=PD15
Mcu.Pin21=PD6
Mcu.Pin22=VP_FREERTOS_VS_ENABLE
Mcu.Pin23=VP_SYS_VS_tim1
Mcu.Pin24=VP_TIM2_VS_ClockSourceINT
Mcu.Pin3=PA1
Mcu.Pin4=PA2
Mcu.Pin5=PA3
Mcu.Pin6=PA6
Mcu.Pin7=PA7
Mcu.Pin8=PE12
Mcu.Pin9=PE13
Mcu.PinsNb=25
Mcu.ThirdPartyNb=0
Mcu.UserConstants=
Mcu.UserName=STM32F411VETx
MxCube.Version=4.24.0
MxDb.Version=DB.4.0.240
NVIC.BusFault_IRQn=true\:0\:0\:false\:false\:true\:false\:false
NVIC.DMA1_Stream5_IRQn=true\:5\:0\:false\:false\:true\:true\:false
NVIC.DebugMonitor_IRQn=true\:0\:0\:false\:false\:true\:false\:false
NVIC.HardFault_IRQn=true\:0\:0\:false\:false\:true\:false\:false
NVIC.MemoryManagement_IRQn=true\:0\:0\:false\:false\:true\:false\:false
NVIC.NonMaskableInt_IRQn=true\:0\:0\:false\:false\:true\:false\:false
NVIC.PendSV_IRQn=true\:15\:0\:false\:false\:false\:true\:false
NVIC.PriorityGroup=NVIC_PRIORITYGROUP_4
NVIC.SVCall_IRQn=true\:0\:0\:false\:false\:false\:false\:false
NVIC.SysTick_IRQn=true\:15\:0\:false\:false\:true\:true\:false
NVIC.TIM1_UP_TIM10_IRQn=true\:0\:0\:false\:false\:true\:false\:false
NVIC.TimeBase=TIM1_UP_TIM10_IRQn
NVIC.TimeBaseIP=TIM1
NVIC.USART2_IRQn=true\:5\:0\:false\:false\:true\:true\:true
NVIC.UsageFault_IRQn=true\:0\:0\:false\:false\:true\:false\:false
PA0-WKUP.GPIOParameters=GPIO_ModeDefaultPP,GPIO_Speed,GPIO_PuPd
PA0-WKUP.GPIO_ModeDefaultPP=GPIO_MODE_AF_PP
PA0-WKUP.GPIO_PuPd=GPIO_NOPULL
PA0-WKUP.GPIO_Speed=GPIO_SPEED_FREQ_LOW
PA0-WKUP.Signal=S_TIM2_CH1_ETR
PA1.GPIOParameters=GPIO_ModeDefaultPP,GPIO_Speed,GPIO_PuPd
PA1.GPIO_ModeDefaultPP=GPIO_MODE_AF_PP
PA1.GPIO_PuPd=GPIO_NOPULL
PA1.GPIO_Speed=GPIO_SPEED_FREQ_LOW
PA1.Signal=S_TIM2_CH2
PA2.Mode=Asynchronous
PA2.Signal=USART2_TX
PA3.GPIOParameters=GPIO_ModeDefaultPP,GPIO_Speed,GPIO_PuPd
PA3.GPIO_ModeDefaultPP=GPIO_MODE_AF_PP
PA3.GPIO_PuPd=GPIO_NOPULL
PA3.GPIO_Speed=GPIO_SPEED_FREQ_LOW
PA3.Signal=S_TIM2_CH4
PA6.GPIOParameters=GPIO_ModeDefaultPP,GPIO_Speed,GPIO_PuPd
PA6.GPIO_ModeDefaultPP=GPIO_MODE_AF_PP
PA6.GPIO_PuPd=GPIO_NOPULL
PA6.GPIO_Speed=GPIO_SPEED_FREQ_LOW
PA6.Signal=S_TIM3_CH1
PA7.GPIOParameters=GPIO_ModeDefaultPP,GPIO_Speed,GPIO_PuPd
PA7.GPIO_ModeDefaultPP=GPIO_MODE_AF_PP
PA7.GPIO_PuPd=GPIO_NOPULL
PA7.GPIO_Speed=GPIO_SPEED_FREQ_LOW
PA7.Signal=S_TIM3_CH2
PB10.GPIOParameters=GPIO_ModeDefaultPP,GPIO_Speed,GPIO_PuPd
PB10.GPIO_ModeDefaultPP=GPIO_MODE_AF_PP
PB10.GPIO_PuPd=GPIO_NOPULL
PB10.GPIO_Speed=GPIO_SPEED_FREQ_LOW
PB10.Signal=S_TIM2_CH3
PCC.Checker=false
PCC.Line=STM32F411
PCC.MCU=STM32F411V(C-E)Tx
PCC.PartNumber=STM32F411VETx
PCC.Seq0=0
PCC.Series=STM32F4
PCC.Temperature=25
PCC.Vdd=null
PD10.GPIOParameters=GPIO_Speed,PinState,GPIO_PuPd,GPIO_ModeDefaultOutputPP
PD10.GPIO_ModeDefaultOutputPP=GPIO_MODE_OUTPUT_PP
PD10.GPIO_PuPd=GPIO_NOPULL
PD10.GPIO_Speed=GPIO_SPEED_FREQ_VERY_HIGH
PD10.Locked=true
PD10.PinState=GPIO_PIN_SET
PD10.Signal=GPIO_Output
PD11.GPIOParameters=GPIO_Speed,PinState,GPIO_PuPd,GPIO_ModeDefaultOutputPP
PD11.GPIO_ModeDefaultOutputPP=GPIO_MODE_OUTPUT_PP
PD11.GPIO_PuPd=GPIO_NOPULL
PD11.GPIO_Speed=GPIO_SPEED_FREQ_VERY_HIGH
PD11.Locked=true
PD11.PinState=GPIO_PIN_SET
PD11.Signal=GPIO_Output
PD12.GPIOParameters=GPIO_ModeDefaultPP,GPIO_Speed,GPIO_PuPd
PD12.GPIO_ModeDefaultPP=GPIO_MODE_AF_PP
PD12.GPIO_PuPd=GPIO_NOPULL
PD12.GPIO_Speed=GPIO_SPEED_FREQ_LOW
PD12.Signal=S_TIM4_CH1
PD13.GPIOParameters=GPIO_ModeDefaultPP,GPIO_Speed,GPIO_PuPd
PD13.GPIO_ModeDefaultPP=GPIO_MODE_AF_PP
PD13.GPIO_PuPd=GPIO_NOPULL
PD13.GPIO_Speed=GPIO_SPEED_FREQ_LOW
PD13.Signal=S_TIM4_CH2
PD14.GPIOParameters=GPIO_Speed,PinState,GPIO_PuPd,GPIO_ModeDefaultOutputPP
PD14.GPIO_ModeDefaultOutputPP=GPIO_MODE_OUTPUT_PP
PD14.GPIO_PuPd=GPIO_NOPULL
PD14.GPIO_Speed=GPIO_SPEED_FREQ_VERY_HIGH
PD14.Locked=true
PD14.PinState=GPIO_PIN_SET
PD14.Signal=GPIO_Output
PD15.GPIOParameters=GPIO_Speed,PinState,GPIO_PuPd,GPIO_ModeDefaultOutputPP
PD15.GPIO_ModeDefaultOutputPP=GPIO_MODE_OUTPUT_PP
PD15.GPIO_PuPd=GPIO_NOPULL
PD15.GPIO_Speed=GPIO_SPEED_FREQ_VERY_HIGH
PD15.Locked=true
PD15.PinState=GPIO_PIN_SET
PD15.Signal=GPIO_Output
PD6.Mode=Asynchronous
PD6.Signal=USART2_RX
PD8.GPIOParameters=GPIO_Speed,PinState,GPIO_PuPd,GPIO_ModeDefaultOutputPP
PD8.GPIO_ModeDefaultOutputPP=GPIO_MODE_OUTPUT_PP
PD8.GPIO_PuPd=GPIO_NOPULL
PD8.GPIO_Speed=GPIO_SPEED_FREQ_VERY_HIGH
PD8.Locked=true
PD8.PinState=GPIO_PIN_SET
PD8.Signal=GPIO_Output
PD9.GPIOParameters=GPIO_Speed,PinState,GPIO_PuPd,GPIO_ModeDefaultOutputPP
PD9.GPIO_ModeDefaultOutputPP=GPIO_MODE_OUTPUT_PP
PD9.GPIO_PuPd=GPIO_NOPULL
PD9.GPIO_Speed=GPIO_SPEED_FREQ_VERY_HIGH
PD9.Locked=true
PD9.PinState=GPIO_PIN_SET
PD9.Signal=GPIO_Output
PE12.GPIOParameters=GPIO_Speed,PinState,GPIO_PuPd,GPIO_ModeDefaultOutputPP
PE12.GPIO_ModeDefaultOutputPP=GPIO_MODE_OUTPUT_PP
PE12.GPIO_PuPd=GPIO_NOPULL
PE12.GPIO_Speed=GPIO_SPEED_FREQ_VERY_HIGH
PE12.Locked=true
PE12.PinState=GPIO_PIN_SET
PE12.Signal=GPIO_Output
PE13.GPIOParameters=GPIO_Speed,PinState,GPIO_PuPd,GPIO_ModeDefaultOutputPP
PE13.GPIO_ModeDefaultOutputPP=GPIO_MODE_OUTPUT_PP
PE13.GPIO_PuPd=GPIO_NOPULL
PE13.GPIO_Speed=GPIO_SPEED_FREQ_VERY_HIGH
PE13.Locked=true
PE13.PinState=GPIO_PIN_SET
PE13.Signal=GPIO_Output
PE14.GPIOParameters=GPIO_Speed,PinState,GPIO_PuPd,GPIO_ModeDefaultOutputPP
PE14.GPIO_ModeDefaultOutputPP=GPIO_MODE_OUTPUT_PP
PE14.GPIO_PuPd=GPIO_NOPULL
PE14.GPIO_Speed=GPIO_SPEED_FREQ_VERY_HIGH
PE14.Locked=true
PE14.PinState=GPIO_PIN_SET
PE14.Signal=GPIO_Output
PE15.GPIOParameters=GPIO_Speed,PinState,GPIO_PuPd,GPIO_ModeDefaultOutputPP
PE15.GPIO_ModeDefaultOutputPP=GPIO_MODE_OUTPUT_PP
PE15.GPIO_PuPd=GPIO_NOPULL
PE15.GPIO_Speed=GPIO_SPEED_FREQ_VERY_HIGH
PE15.Locked=true
PE15.PinState=GPIO_PIN_SET
PE15.Signal=GPIO_Output
PH0\ -\ OSC_IN.Mode=HSE-External-Oscillator
PH0\ -\ OSC_IN.Signal=RCC_OSC_IN
PH1\ -\ OSC_OUT.Mode=HSE-External-Oscillator
PH1\ -\ OSC_OUT.Signal=RCC_OSC_OUT
PinOutPanel.RotationAngle=0
ProjectManager.AskForMigrate=true
ProjectManager.BackupPrevious=false
ProjectManager.CompilerOptimize=2
ProjectManager.ComputerToolchain=false
ProjectManager.CoupleFile=false
ProjectManager.CustomerFirmwarePackage=
ProjectManager.DefaultFWLocation=true
ProjectManager.DeletePrevious=true
ProjectManager.DeviceId=STM32F411VETx
ProjectManager.FirmwarePackage=STM32Cube FW_F4 V1.19.0
ProjectManager.FreePins=false
ProjectManager.HalAssertFull=false
ProjectManager.HeapSize=0x200
ProjectManager.KeepUserCode=true
ProjectManager.LastFirmware=true
ProjectManager.LibraryCopy=1
ProjectManager.PreviousToolchain=
ProjectManager.ProjectBuild=false
ProjectManager.ProjectFileName=Thesis.ioc
ProjectManager.ProjectName=Thesis
ProjectManager.StackSize=0x400
ProjectManager.TargetToolchain=MDK-ARM V5
ProjectManager.ToolChainLocation=
ProjectManager.UnderRoot=false
ProjectManager.functionlistsort=1-MX_GPIO_Init-GPIO-false-HAL-true,2-MX_DMA_Init-DMA-false-HAL-true,3-SystemClock_Config-RCC-false-HAL-true,4-MX_USART2_UART_Init-USART2-false-HAL-true,5-MX_TIM4_Init-TIM4-false-HAL-true,6-MX_TIM3_Init-TIM3-false-HAL-true,7-MX_TIM2_Init-TIM2-false-HAL-true
RCC.48MHZClocksFreq_Value=48000000
RCC.AHBFreq_Value=96000000
RCC.APB1CLKDivider=RCC_HCLK_DIV2
RCC.APB1Freq_Value=48000000
RCC.APB1TimFreq_Value=96000000
RCC.APB2Freq_Value=96000000
RCC.APB2TimFreq_Value=96000000
RCC.CortexFreq_Value=96000000
RCC.EthernetFreq_Value=96000000
RCC.FCLKCortexFreq_Value=96000000
RCC.FamilyName=M
RCC.HCLKFreq_Value=96000000
RCC.HSE_VALUE=8000000
RCC.HSI_VALUE=16000000
RCC.I2SClocksFreq_Value=48000000
RCC.IPParameters=48MHZClocksFreq_Value,AHBFreq_Value,APB1CLKDivider,APB1Freq_Value,APB1TimFreq_Value,APB2Freq_Value,APB2TimFreq_Value,CortexFreq_Value,EthernetFreq_Value,FCLKCortexFreq_Value,FamilyName,HCLKFreq_Value,HSE_VALUE,HSI_VALUE,I2SClocksFreq_Value,LSE_VALUE,LSI_VALUE,MCO2PinFreq_Value,PLLCLKFreq_Value,PLLM,PLLQCLKFreq_Value,PLLSourceVirtual,RTCFreq_Value,RTCHSEDivFreq_Value,SYSCLKFreq_VALUE,SYSCLKSource,VCOI2SOutputFreq_Value,VCOInputFreq_Value,VCOInputMFreq_Value,VCOOutputFreq_Value,VcooutputI2S
RCC.LSE_VALUE=32768
RCC.LSI_VALUE=32000
RCC.MCO2PinFreq_Value=96000000
RCC.PLLCLKFreq_Value=96000000
RCC.PLLM=8
RCC.PLLQCLKFreq_Value=48000000
RCC.PLLSourceVirtual=RCC_PLLSOURCE_HSE
RCC.RTCFreq_Value=32000
RCC.RTCHSEDivFreq_Value=4000000
RCC.SYSCLKFreq_VALUE=96000000
RCC.SYSCLKSource=RCC_SYSCLKSOURCE_PLLCLK
RCC.VCOI2SOutputFreq_Value=96000000
RCC.VCOInputFreq_Value=1000000
RCC.VCOInputMFreq_Value=500000
RCC.VCOOutputFreq_Value=192000000
RCC.VcooutputI2S=48000000
SH.S_TIM2_CH1_ETR.0=TIM2_CH1,PWM Generation1 CH1
SH.S_TIM2_CH1_ETR.ConfNb=1
SH.S_TIM2_CH2.0=TIM2_CH2,PWM Generation2 CH2
SH.S_TIM2_CH2.ConfNb=1
SH.S_TIM2_CH3.0=TIM2_CH3,PWM Generation3 CH3
SH.S_TIM2_CH3.ConfNb=1
SH.S_TIM2_CH4.0=TIM2_CH4,PWM Generation4 CH4
SH.S_TIM2_CH4.ConfNb=1
SH.S_TIM3_CH1.0=TIM3_CH1,Encoder_Interface
SH.S_TIM3_CH1.ConfNb=1
SH.S_TIM3_CH2.0=TIM3_CH2,Encoder_Interface
SH.S_TIM3_CH2.ConfNb=1
SH.S_TIM4_CH1.0=TIM4_CH1,Encoder_Interface
SH.S_TIM4_CH1.ConfNb=1
SH.S_TIM4_CH2.0=TIM4_CH2,Encoder_Interface
SH.S_TIM4_CH2.ConfNb=1
TIM2.Channel-PWM\ Generation1\ CH1=TIM_CHANNEL_1
TIM2.Channel-PWM\ Generation2\ CH2=TIM_CHANNEL_2
TIM2.Channel-PWM\ Generation3\ CH3=TIM_CHANNEL_3
TIM2.Channel-PWM\ Generation4\ CH4=TIM_CHANNEL_4
TIM2.IPParameters=Channel-PWM Generation1 CH1,Channel-PWM Generation2 CH2,Channel-PWM Generation3 CH3,Channel-PWM Generation4 CH4,Period
TIM2.Period=9599
TIM3.EncoderMode=TIM_ENCODERMODE_TI12
TIM3.IPParameters=EncoderMode,Period
TIM3.Period=65535
TIM4.EncoderMode=TIM_ENCODERMODE_TI12
TIM4.IPParameters=Period,EncoderMode
TIM4.Period=65535
USART2.BaudRate=1000000
USART2.IPParameters=VirtualMode,BaudRate,WordLength
USART2.VirtualMode=VM_ASYNC
USART2.WordLength=WORDLENGTH_8B
VP_FREERTOS_VS_ENABLE.Mode=Enabled
VP_FREERTOS_VS_ENABLE.Signal=FREERTOS_VS_ENABLE
VP_SYS_VS_tim1.Mode=TIM1
VP_SYS_VS_tim1.Signal=SYS_VS_tim1
VP_TIM2_VS_ClockSourceINT.Mode=Internal
VP_TIM2_VS_ClockSourceINT.Signal=TIM2_VS_ClockSourceINT
board=Thesis
